{
  "name": "personal_rag",
  "version": "1.0.0",
  "lockfileVersion": 3,
  "requires": true,
  "packages": {
    "": {
      "name": "personal_rag",
      "version": "1.0.0",
      "license": "ISC",
      "dependencies": {
        "js-fileexplorer": "^1.0.0"
      }
    },
    "node_modules/js-fileexplorer": {
      "version": "1.0.0",
      "resolved": "https://registry.npmjs.org/js-fileexplorer/-/js-fileexplorer-1.0.0.tgz",
      "integrity": "sha512-VBWW9MAoNsLbc7+AKIapWXLCPTQUddvaoDmTfJwXpAW8XtA8jF26VsWP41DBSxlLpvj5QlCulGObaqgLhKfKVA=="
    }
  }
}
